
Microsoft Visual Studio Solution File, Format Version 12.00
# Visual Studio Version 17
VisualStudioVersion = 17.9.34714.143
MinimumVisualStudioVersion = 10.0.40219.1
Project("{9A19103F-16F7-4668-BE54-9A1E7A4F7556}") = "ProductManagmentMicroservice", "ProductManagmentMicroservice\ProductManagmentMicroservice.csproj", "{25BC26F4-C2C3-4C8C-8B42-558B6DF31719}"
EndProject
Project("{9A19103F-16F7-4668-BE54-9A1E7A4F7556}") = "UserManagmentMicroservice", "UserManagmentMicroservice\UserManagmentMicroservice.csproj", "{A7305F1C-1B25-4C22-80C9-7BEEC9C2FE3F}"
EndProject
Global
	GlobalSection(SolutionConfigurationPlatforms) = preSolution
		Debug|Any CPU = Debug|Any CPU
		Release|Any CPU = Release|Any CPU
	EndGlobalSection
	GlobalSection(ProjectConfigurationPlatforms) = postSolution
		{25BC26F4-C2C3-4C8C-8B42-558B6DF31719}.Debug|Any CPU.ActiveCfg = Debug|Any CPU
		{25BC26F4-C2C3-4C8C-8B42-558B6DF31719}.Debug|Any CPU.Build.0 = Debug|Any CPU
		{25BC26F4-C2C3-4C8C-8B42-558B6DF31719}.Release|Any CPU.ActiveCfg = Release|Any CPU
		{25BC26F4-C2C3-4C8C-8B42-558B6DF31719}.Release|Any CPU.Build.0 = Release|Any CPU
		{A7305F1C-1B25-4C22-80C9-7BEEC9C2FE3F}.Debug|Any CPU.ActiveCfg = Debug|Any CPU
		{A7305F1C-1B25-4C22-80C9-7BEEC9C2FE3F}.Debug|Any CPU.Build.0 = Debug|Any CPU
		{A7305F1C-1B25-4C22-80C9-7BEEC9C2FE3F}.Release|Any CPU.ActiveCfg = Release|Any CPU
		{A7305F1C-1B25-4C22-80C9-7BEEC9C2FE3F}.Release|Any CPU.Build.0 = Release|Any CPU
	EndGlobalSection
	GlobalSection(SolutionProperties) = preSolution
		HideSolutionNode = FALSE
	EndGlobalSection
	GlobalSection(ExtensibilityGlobals) = postSolution
		SolutionGuid = {14FD748B-CE22-4CF0-95CC-91E91D026967}
	EndGlobalSection
EndGlobal
